
Microsoft Visual Studio Solution File, Format Version 12.00
# Visual Studio Version 17
VisualStudioVersion = 17.5.33530.505
MinimumVisualStudioVersion = 10.0.40219.1
Project("{2150E333-8FDC-42A3-9474-1A3956D46DE8}") = "Shell", "Shell", "{53517D76-48D6-4679-AB1A-E5A9212B11D7}"
EndProject
Project("{9A19103F-16F7-4668-BE54-9A1E7A4F7556}") = "NtdTools.Desktop", "projs\Shell\NtdTools.Desktop\NtdTools.Desktop.csproj", "{60344716-8F64-42FB-AADF-66AA354C94C1}"
EndProject
Project("{2150E333-8FDC-42A3-9474-1A3956D46DE8}") = "Infrastructure", "Infrastructure", "{7EBB81F7-9E0A-4FCA-83AC-69D078DE3514}"
EndProject
Project("{9A19103F-16F7-4668-BE54-9A1E7A4F7556}") = "NtdTools.Presentation", "projs\Infrastructure\NtdTools.Presentation\NtdTools.Presentation.csproj", "{48DCA9B8-6A85-4497-B6B1-AD791DACBB5E}"
EndProject
Project("{2150E333-8FDC-42A3-9474-1A3956D46DE8}") = "Modules", "Modules", "{0B3DA0B7-ABA0-4AD2-A27E-E132E0C25CF3}"
EndProject
Project("{2150E333-8FDC-42A3-9474-1A3956D46DE8}") = "Main", "Main", "{68E497F8-3D52-42A1-A103-EC45BAE148DF}"
EndProject
Project("{2150E333-8FDC-42A3-9474-1A3956D46DE8}") = "NavigationPane", "NavigationPane", "{BEF0EE39-733A-4AEC-9CFF-A04D0FF622D9}"
EndProject
Project("{2150E333-8FDC-42A3-9474-1A3956D46DE8}") = "NTD", "NTD", "{2AF0608C-DCB4-4D6F-9A44-9A2B871E46E2}"
EndProject
Project("{2150E333-8FDC-42A3-9474-1A3956D46DE8}") = "NewFolder1", "NewFolder1", "{0097F1A1-5441-4329-A2F5-F383FB41331F}"
EndProject
Project("{2150E333-8FDC-42A3-9474-1A3956D46DE8}") = "Customer", "Customer", "{DC4E5301-CB30-4E10-94DE-0315C017B06C}"
EndProject
Project("{2150E333-8FDC-42A3-9474-1A3956D46DE8}") = "Sub-Systems", "Sub-Systems", "{78A28B56-C2C6-4550-8C35-0EBC4216F335}"
EndProject
Project("{2150E333-8FDC-42A3-9474-1A3956D46DE8}") = "WorkshopManagement", "WorkshopManagement", "{9451C7B9-6EB8-4C24-993D-62347F1F9CBE}"
EndProject
Project("{2150E333-8FDC-42A3-9474-1A3956D46DE8}") = "TrainingSolutions", "TrainingSolutions", "{DF4537EC-52C0-4499-9343-46BA3EEBC0B0}"
EndProject
Project("{9A19103F-16F7-4668-BE54-9A1E7A4F7556}") = "NtdTools.Modules.NavigationPane", "projs\Modules\NtdTools.Modules.NavigationPane\NtdTools.Modules.NavigationPane.csproj", "{BAAA8976-B238-4A37-82D8-39DC7CE8820F}"
EndProject
Project("{9A19103F-16F7-4668-BE54-9A1E7A4F7556}") = "NtdTools.Modules.Customer", "projs\Modules\NtdTools.Modules.Customer\NtdTools.Modules.Customer.csproj", "{622C6DC4-E66A-414E-B6CB-4E625B093394}"
EndProject
Project("{9A19103F-16F7-4668-BE54-9A1E7A4F7556}") = "NtdTools.Modules.TrainingSolutions", "projs\Modules\NtdTools.Modules.TrainingSolutions\NtdTools.Modules.TrainingSolutions.csproj", "{50B11D3A-CBD3-41A8-BB6A-22A888213F33}"
EndProject
Project("{9A19103F-16F7-4668-BE54-9A1E7A4F7556}") = "NtdTools.Modules.WorkshopSolutions", "projs\Modules\NtdTools.Modules.WorkshopSolutions\NtdTools.Modules.WorkshopSolutions.csproj", "{FE2B024C-FF8B-4AB9-A57F-7BE21EE2CC79}"
EndProject
Global
	GlobalSection(SolutionConfigurationPlatforms) = preSolution
		Debug|Any CPU = Debug|Any CPU
		Release|Any CPU = Release|Any CPU
	EndGlobalSection
	GlobalSection(ProjectConfigurationPlatforms) = postSolution
		{60344716-8F64-42FB-AADF-66AA354C94C1}.Debug|Any CPU.ActiveCfg = Debug|Any CPU
		{60344716-8F64-42FB-AADF-66AA354C94C1}.Debug|Any CPU.Build.0 = Debug|Any CPU
		{60344716-8F64-42FB-AADF-66AA354C94C1}.Release|Any CPU.ActiveCfg = Release|Any CPU
		{60344716-8F64-42FB-AADF-66AA354C94C1}.Release|Any CPU.Build.0 = Release|Any CPU
		{48DCA9B8-6A85-4497-B6B1-AD791DACBB5E}.Debug|Any CPU.ActiveCfg = Debug|Any CPU
		{48DCA9B8-6A85-4497-B6B1-AD791DACBB5E}.Debug|Any CPU.Build.0 = Debug|Any CPU
		{48DCA9B8-6A85-4497-B6B1-AD791DACBB5E}.Release|Any CPU.ActiveCfg = Release|Any CPU
		{48DCA9B8-6A85-4497-B6B1-AD791DACBB5E}.Release|Any CPU.Build.0 = Release|Any CPU
		{BAAA8976-B238-4A37-82D8-39DC7CE8820F}.Debug|Any CPU.ActiveCfg = Debug|Any CPU
		{BAAA8976-B238-4A37-82D8-39DC7CE8820F}.Debug|Any CPU.Build.0 = Debug|Any CPU
		{BAAA8976-B238-4A37-82D8-39DC7CE8820F}.Release|Any CPU.ActiveCfg = Release|Any CPU
		{BAAA8976-B238-4A37-82D8-39DC7CE8820F}.Release|Any CPU.Build.0 = Release|Any CPU
		{622C6DC4-E66A-414E-B6CB-4E625B093394}.Debug|Any CPU.ActiveCfg = Debug|Any CPU
		{622C6DC4-E66A-414E-B6CB-4E625B093394}.Debug|Any CPU.Build.0 = Debug|Any CPU
		{622C6DC4-E66A-414E-B6CB-4E625B093394}.Release|Any CPU.ActiveCfg = Release|Any CPU
		{622C6DC4-E66A-414E-B6CB-4E625B093394}.Release|Any CPU.Build.0 = Release|Any CPU
		{50B11D3A-CBD3-41A8-BB6A-22A888213F33}.Debug|Any CPU.ActiveCfg = Debug|Any CPU
		{50B11D3A-CBD3-41A8-BB6A-22A888213F33}.Debug|Any CPU.Build.0 = Debug|Any CPU
		{50B11D3A-CBD3-41A8-BB6A-22A888213F33}.Release|Any CPU.ActiveCfg = Release|Any CPU
		{50B11D3A-CBD3-41A8-BB6A-22A888213F33}.Release|Any CPU.Build.0 = Release|Any CPU
		{FE2B024C-FF8B-4AB9-A57F-7BE21EE2CC79}.Debug|Any CPU.ActiveCfg = Debug|Any CPU
		{FE2B024C-FF8B-4AB9-A57F-7BE21EE2CC79}.Debug|Any CPU.Build.0 = Debug|Any CPU
		{FE2B024C-FF8B-4AB9-A57F-7BE21EE2CC79}.Release|Any CPU.ActiveCfg = Release|Any CPU
		{FE2B024C-FF8B-4AB9-A57F-7BE21EE2CC79}.Release|Any CPU.Build.0 = Release|Any CPU
	EndGlobalSection
	GlobalSection(SolutionProperties) = preSolution
		HideSolutionNode = FALSE
	EndGlobalSection
	GlobalSection(NestedProjects) = preSolution
		{60344716-8F64-42FB-AADF-66AA354C94C1} = {53517D76-48D6-4679-AB1A-E5A9212B11D7}
		{48DCA9B8-6A85-4497-B6B1-AD791DACBB5E} = {7EBB81F7-9E0A-4FCA-83AC-69D078DE3514}
		{68E497F8-3D52-42A1-A103-EC45BAE148DF} = {0B3DA0B7-ABA0-4AD2-A27E-E132E0C25CF3}
		{BEF0EE39-733A-4AEC-9CFF-A04D0FF622D9} = {68E497F8-3D52-42A1-A103-EC45BAE148DF}
		{2AF0608C-DCB4-4D6F-9A44-9A2B871E46E2} = {0B3DA0B7-ABA0-4AD2-A27E-E132E0C25CF3}
		{0097F1A1-5441-4329-A2F5-F383FB41331F} = {68E497F8-3D52-42A1-A103-EC45BAE148DF}
		{DC4E5301-CB30-4E10-94DE-0315C017B06C} = {2AF0608C-DCB4-4D6F-9A44-9A2B871E46E2}
		{78A28B56-C2C6-4550-8C35-0EBC4216F335} = {2AF0608C-DCB4-4D6F-9A44-9A2B871E46E2}
		{9451C7B9-6EB8-4C24-993D-62347F1F9CBE} = {78A28B56-C2C6-4550-8C35-0EBC4216F335}
		{DF4537EC-52C0-4499-9343-46BA3EEBC0B0} = {78A28B56-C2C6-4550-8C35-0EBC4216F335}
		{BAAA8976-B238-4A37-82D8-39DC7CE8820F} = {BEF0EE39-733A-4AEC-9CFF-A04D0FF622D9}
		{622C6DC4-E66A-414E-B6CB-4E625B093394} = {DC4E5301-CB30-4E10-94DE-0315C017B06C}
		{50B11D3A-CBD3-41A8-BB6A-22A888213F33} = {DF4537EC-52C0-4499-9343-46BA3EEBC0B0}
		{FE2B024C-FF8B-4AB9-A57F-7BE21EE2CC79} = {9451C7B9-6EB8-4C24-993D-62347F1F9CBE}
	EndGlobalSection
	GlobalSection(ExtensibilityGlobals) = postSolution
		SolutionGuid = {E9612CD1-FE8D-4AA3-83F3-B1788F112E19}
	EndGlobalSection
EndGlobal
