
Microsoft Visual Studio Solution File, Format Version 12.00
# Visual Studio Version 17
VisualStudioVersion = 17.5.33530.505
MinimumVisualStudioVersion = 10.0.40219.1
Project("{2150E333-8FDC-42A3-9474-1A3956D46DE8}") = "Shell", "Shell", "{53517D76-48D6-4679-AB1A-E5A9212B11D7}"
EndProject
Project("{9A19103F-16F7-4668-BE54-9A1E7A4F7556}") = "NtdTools.Desktop", "projs\Shell\NtdTools.Desktop\NtdTools.Desktop.csproj", "{60344716-8F64-42FB-AADF-66AA354C94C1}"
EndProject
Project("{2150E333-8FDC-42A3-9474-1A3956D46DE8}") = "Infrastructure", "Infrastructure", "{7EBB81F7-9E0A-4FCA-83AC-69D078DE3514}"
EndProject
Project("{9A19103F-16F7-4668-BE54-9A1E7A4F7556}") = "NtdTools.Presentation", "projs\Infrastructure\NtdTools.Presentation\NtdTools.Presentation.csproj", "{48DCA9B8-6A85-4497-B6B1-AD791DACBB5E}"
EndProject
Project("{2150E333-8FDC-42A3-9474-1A3956D46DE8}") = "Modules", "Modules", "{0B3DA0B7-ABA0-4AD2-A27E-E132E0C25CF3}"
EndProject
Project("{2150E333-8FDC-42A3-9474-1A3956D46DE8}") = "Main", "Main", "{68E497F8-3D52-42A1-A103-EC45BAE148DF}"
EndProject
Project("{2150E333-8FDC-42A3-9474-1A3956D46DE8}") = "NavigationPane", "NavigationPane", "{BEF0EE39-733A-4AEC-9CFF-A04D0FF622D9}"
EndProject
Project("{9A19103F-16F7-4668-BE54-9A1E7A4F7556}") = "NtdTools.Modules.NavigationPane", "projs\Modules\Main\NavigationPane\projs\NtdTools.Modules.NavigationPane\NtdTools.Modules.NavigationPane.csproj", "{105AC584-B430-49AC-BDCE-8770686DF729}"
EndProject
Project("{2150E333-8FDC-42A3-9474-1A3956D46DE8}") = "NTD", "NTD", "{2AF0608C-DCB4-4D6F-9A44-9A2B871E46E2}"
EndProject
Project("{2150E333-8FDC-42A3-9474-1A3956D46DE8}") = "NewFolder1", "NewFolder1", "{0097F1A1-5441-4329-A2F5-F383FB41331F}"
EndProject
Project("{2150E333-8FDC-42A3-9474-1A3956D46DE8}") = "Customer", "Customer", "{DC4E5301-CB30-4E10-94DE-0315C017B06C}"
EndProject
Project("{FAE04EC0-301F-11D3-BF4B-00C04F79EFBC}") = "NtdTools.Modules.Customer", "projs\Modules\NTD\Customer\projs\NtdTools.Modules.Customer\NtdTools.Modules.Customer.csproj", "{B7D28FE4-777F-4E0D-852B-23E34AC3CD55}"
EndProject
Global
	GlobalSection(SolutionConfigurationPlatforms) = preSolution
		Debug|Any CPU = Debug|Any CPU
		Release|Any CPU = Release|Any CPU
	EndGlobalSection
	GlobalSection(ProjectConfigurationPlatforms) = postSolution
		{60344716-8F64-42FB-AADF-66AA354C94C1}.Debug|Any CPU.ActiveCfg = Debug|Any CPU
		{60344716-8F64-42FB-AADF-66AA354C94C1}.Debug|Any CPU.Build.0 = Debug|Any CPU
		{60344716-8F64-42FB-AADF-66AA354C94C1}.Release|Any CPU.ActiveCfg = Release|Any CPU
		{60344716-8F64-42FB-AADF-66AA354C94C1}.Release|Any CPU.Build.0 = Release|Any CPU
		{48DCA9B8-6A85-4497-B6B1-AD791DACBB5E}.Debug|Any CPU.ActiveCfg = Debug|Any CPU
		{48DCA9B8-6A85-4497-B6B1-AD791DACBB5E}.Debug|Any CPU.Build.0 = Debug|Any CPU
		{48DCA9B8-6A85-4497-B6B1-AD791DACBB5E}.Release|Any CPU.ActiveCfg = Release|Any CPU
		{48DCA9B8-6A85-4497-B6B1-AD791DACBB5E}.Release|Any CPU.Build.0 = Release|Any CPU
		{105AC584-B430-49AC-BDCE-8770686DF729}.Debug|Any CPU.ActiveCfg = Debug|Any CPU
		{105AC584-B430-49AC-BDCE-8770686DF729}.Debug|Any CPU.Build.0 = Debug|Any CPU
		{105AC584-B430-49AC-BDCE-8770686DF729}.Release|Any CPU.ActiveCfg = Release|Any CPU
		{105AC584-B430-49AC-BDCE-8770686DF729}.Release|Any CPU.Build.0 = Release|Any CPU
		{B7D28FE4-777F-4E0D-852B-23E34AC3CD55}.Debug|Any CPU.ActiveCfg = Debug|Any CPU
		{B7D28FE4-777F-4E0D-852B-23E34AC3CD55}.Debug|Any CPU.Build.0 = Debug|Any CPU
		{B7D28FE4-777F-4E0D-852B-23E34AC3CD55}.Release|Any CPU.ActiveCfg = Release|Any CPU
		{B7D28FE4-777F-4E0D-852B-23E34AC3CD55}.Release|Any CPU.Build.0 = Release|Any CPU
	EndGlobalSection
	GlobalSection(SolutionProperties) = preSolution
		HideSolutionNode = FALSE
	EndGlobalSection
	GlobalSection(NestedProjects) = preSolution
		{60344716-8F64-42FB-AADF-66AA354C94C1} = {53517D76-48D6-4679-AB1A-E5A9212B11D7}
		{48DCA9B8-6A85-4497-B6B1-AD791DACBB5E} = {7EBB81F7-9E0A-4FCA-83AC-69D078DE3514}
		{68E497F8-3D52-42A1-A103-EC45BAE148DF} = {0B3DA0B7-ABA0-4AD2-A27E-E132E0C25CF3}
		{BEF0EE39-733A-4AEC-9CFF-A04D0FF622D9} = {68E497F8-3D52-42A1-A103-EC45BAE148DF}
		{105AC584-B430-49AC-BDCE-8770686DF729} = {BEF0EE39-733A-4AEC-9CFF-A04D0FF622D9}
		{2AF0608C-DCB4-4D6F-9A44-9A2B871E46E2} = {0B3DA0B7-ABA0-4AD2-A27E-E132E0C25CF3}
		{0097F1A1-5441-4329-A2F5-F383FB41331F} = {68E497F8-3D52-42A1-A103-EC45BAE148DF}
		{DC4E5301-CB30-4E10-94DE-0315C017B06C} = {2AF0608C-DCB4-4D6F-9A44-9A2B871E46E2}
		{B7D28FE4-777F-4E0D-852B-23E34AC3CD55} = {DC4E5301-CB30-4E10-94DE-0315C017B06C}
	EndGlobalSection
	GlobalSection(ExtensibilityGlobals) = postSolution
		SolutionGuid = {E9612CD1-FE8D-4AA3-83F3-B1788F112E19}
	EndGlobalSection
EndGlobal
